github.com/tinywasm/base64 v0.0.3 h1:tFjQv8L4eUpA6eKBk9UVtcVc6+xL/GvqDVFEdTudAdw=
github.com/tinywasm/base64 v0.0.3/go.mod h1:p6s8iOD4F6s6smO80R3bYd8ZGZQxXCBt+5KxFQ4vCHU=
github.com/tinywasm/crypto v0.0.20 h1:+HRwnFIHIrUgzbPmXzLFVAEpS/Njo7JQNYjtD3ANkI0=
github.com/tinywasm/crypto v0.0.20/go.mod h1:lI2lsqDtvnmdyLW/u83L4JvY18s/nvTTh8LMZBueXLg=
github.com/tinywasm/ddl v0.0.4 h1:2xgDb87vpY35nyLIttoW4Pvgi+TXVjkXw7+pj0/RjWM=
github.com/tinywasm/ddl v0.0.4/go.mod h1:gGKj4CVjDEigUyp/gTVK8WxYmQ5NbBMDPlwcibJJse8=
github.com/tinywasm/events v0.0.2 h1:v9aQnj06ZGXcYVrkdAzDFXTYO5Dv4J8t13IBJNZVDg4=
github.com/tinywasm/events v0.0.2/go.mod h1:ybWdxV/2Vjru9SmT0Oa7O07K/Y7KtxB3f7Z72wt50Ao=
github.com/tinywasm/fetch v0.1.24 h1:UynB2NPPgYrwcRx6ZujkRUTlfUUkNs60J0O63/1FmAs=
github.com/tinywasm/fetch v0.1.24/go.mod h1:Hx9bkdjC5fcf++EWjHKUzEn2OZpUbfoXNQV8tbdC5SI=
github.com/tinywasm/fmt v0.25.3 h1:CkyjeKvSFM8BxRWleb4gaPak8Fe+VKPWvnW0UU7KvQE=
github.com/tinywasm/fmt v0.25.3/go.mod h1:L2GCAi6asgytPV6TVvGrRq5Ml+DkUt1Ijo5i/2J1jOY=
github.com/tinywasm/form v0.2.14 h1:rog7XOu9PQLO7QJAJEQGit5daxYpIQwg6Za4/fFflOY=
github.com/tinywasm/form v0.2.14/go.mod h1:5b/Bl1IFHsFERJGGt1vNqR8iVcuuZ9WE8gdumb5vELY=
github.com/tinywasm/json v0.5.12 h1:kxq0Y0/4UWOMLNn/Nka4MFAjHlBgI7srPFGvhnhfTqU=
github.com/tinywasm/json v0.5.12/go.mod h1:kdL2sY4aiyuvGVc9p6MTNzSptt4Y3U5NhDP8uAnkafA=
github.com/tinywasm/jwt v0.1.1 h1:20QRJ+yCRLb77wHL/9urilHxjVrjiRPhZ1TwLxqERMM=
github.com/tinywasm/jwt v0.1.1/go.mod h1:OwIkMcuJlsSAORD5+AyDxtC1xsUymkM/5mbHN8PprsE=
github.com/tinywasm/model v0.0.16 h1:qNNUXuyMePVm30S2pwe2fR3M8OTh50bHmJ5S0FxUgbU=
github.com/tinywasm/model v0.0.16/go.mod h1:wkYZLW6CWVrlx5TiLEBL71KgDxhjUcFtY3KXZKpkCXA=
github.com/tinywasm/orm v0.11.1 h1:GkgiCbdfAif2W4AinqdD+YhLG91FFHul+Nn6Hh4jptQ=
github.com/tinywasm/orm v0.11.1/go.mod h1:kpbbqNPZ9WLLom5Ip+qvhmh7pQQfkrdP59LYcEnSs5U=
github.com/tinywasm/router v0.1.14 h1:pjc2hXStIyjoDXOmnxktqIa1TEX3K2X0zRLb5X3c1Gg=
github.com/tinywasm/router v0.1.14/go.mod h1:JYL/YiErI7bbkg1suosA1Et8Fv1jxrFY/dLqvjq/flc=
github.com/tinywasm/storage v0.0.2-0.20260717121821-7e528006807f h1:pUgAGvJFbNcBjRscHmA15A8AbdCinZ8wp8AzsOs/tz8=
github.com/tinywasm/storage v0.0.2-0.20260717121821-7e528006807f/go.mod h1:mF48cBANp2vWkgj2EbpurNY5QY4fYqpCTwbNaaLM5Ic=
github.com/tinywasm/time v0.5.0 h1:M17DNgKrMYfkCK42V6miL9AcwfN/FHghbKOSTXJrkMo=
github.com/tinywasm/time v0.5.0/go.mod h1:vxGAkKA40im4ObiTS6hcsJYiIsVVLSz/A63JC/+TwvA=
github.com/tinywasm/view v0.1.1 h1:CXhx4OHly+XgmUzcVg3tETJB0POXuVSmlHdO4Bd9n2o=
github.com/tinywasm/view v0.1.1/go.mod h1:cS2RQTu9thh4dt3K/gOO2VZKX8NUF169fPiJqtINbzo=
golang.org/x/crypto v0.54.0 h1:YLIA59K4fiNzHzjnZt2tUJQjQtUWfWbeHBqKtk3eScw=
golang.org/x/crypto v0.54.0/go.mod h1:KWL8ny2AZdGR2cWmzeHrp2azQPGogOv+HeQaVEXC2dk=
