cloud.google.com/go/compute/metadata v0.3.0 h1:Tz+eQXMEqDIKRsmY3cHTL6FVaynIjX2QxYC4trgAKZc=
cloud.google.com/go/compute/metadata v0.3.0/go.mod h1:zFmK7XCadkQkj6TtorcaGlCW1hT1fIilQDwofLpJ20k=
github.com/mattn/go-sqlite3 v1.14.34 h1:3NtcvcUnFBPsuRcno8pUtupspG/GM+9nZ88zgJcp6Zk=
github.com/mattn/go-sqlite3 v1.14.34/go.mod h1:Uh1q+B4BYcTPb+yiD3kU8Ct7aC0hY9fxUwlHK0RXw+Y=
github.com/tinywasm/dom v0.5.4 h1:8oZFEwdM2hcD9+vUasiJrD6L+FvdJJvyJ65I/i7IfJE=
github.com/tinywasm/dom v0.5.4/go.mod h1:fIRjbnEuZsnaYYKRWzgxFP9EwkhbANsovXQekgpMhWc=
github.com/tinywasm/fmt v0.18.4 h1:rzc+IPMHXDRXLPY0LrQSQWZW9gQwu6W5ii4pIPSncqI=
github.com/tinywasm/fmt v0.18.4/go.mod h1:L2GCAi6asgytPV6TVvGrRq5Ml+DkUt1Ijo5i/2J1jOY=
github.com/tinywasm/form v0.0.26 h1:nqGdhv1Y3qoti+ARCqVu3vdiHLL7eIypvAPU2NKhSQU=
github.com/tinywasm/form v0.0.26/go.mod h1:lJk3Kz2PE4u8WrkE0plZSOJlTh1b6ixRE/DsV4QiiU4=
github.com/tinywasm/time v0.3.1 h1:TM1XdXyxK5o2A7SLabNo37QUrzXRbyIkSseyKZBJCTo=
github.com/tinywasm/time v0.3.1/go.mod h1:e/WhM6SRuko8xdm92wjyVZsv/ds6SikpaZG6jnzhwFc=
github.com/tinywasm/unixid v0.2.22 h1:zLZUEaZfcM1wgP8k+nfnFhaVJTpRRhHVuF9U/00e5cc=
github.com/tinywasm/unixid v0.2.22/go.mod h1:cCl8Tvz/8lM0A/2DQuSD5MxYqZ9fcL7EtRSOuWTlz4g=
golang.org/x/crypto v0.48.0 h1:/VRzVqiRSggnhY7gNRxPauEQ5Drw9haKdM0jqfcCFts=
golang.org/x/crypto v0.48.0/go.mod h1:r0kV5h3qnFPlQnBSrULhlsRfryS2pmewsg+XfMgkVos=
golang.org/x/oauth2 v0.35.0 h1:Mv2mzuHuZuY2+bkyWXIHMfhNdJAdwW3FuWeCPYN5GVQ=
golang.org/x/oauth2 v0.35.0/go.mod h1:lzm5WQJQwKZ3nwavOZ3IS5Aulzxi68dUSgRHujetwEA=
