github.com/tinywasm/base64 v0.0.2 h1:HqvsqlF48Tw2dwfsK0o/UIy1VVb5NbrYgT5lGhvwlKc=
github.com/tinywasm/base64 v0.0.2/go.mod h1:p6s8iOD4F6s6smO80R3bYd8ZGZQxXCBt+5KxFQ4vCHU=
github.com/tinywasm/context v0.0.18 h1:uKeiAFo6L/PikGSbUu+xcyELGoa4kXomDNwJOlhxrUE=
github.com/tinywasm/context v0.0.18/go.mod h1:3AHZHMiiVZljEGNuYMaLM2OXdZ3bXjoMCmqx3sEGXsA=
github.com/tinywasm/crypto v0.0.20 h1:+HRwnFIHIrUgzbPmXzLFVAEpS/Njo7JQNYjtD3ANkI0=
github.com/tinywasm/crypto v0.0.20/go.mod h1:lI2lsqDtvnmdyLW/u83L4JvY18s/nvTTh8LMZBueXLg=
github.com/tinywasm/ddlc v0.0.4 h1:T53rv8xdlmBt3GA834pay4ZnK0NVP/6WuKYrzw/0/OM=
github.com/tinywasm/ddlc v0.0.4/go.mod h1:DXTFES2Mt3QcxYp0sZ6YrMXxOkK7vRVCoukFgyt+Mro=
github.com/tinywasm/fetch v0.1.24 h1:UynB2NPPgYrwcRx6ZujkRUTlfUUkNs60J0O63/1FmAs=
github.com/tinywasm/fetch v0.1.24/go.mod h1:Hx9bkdjC5fcf++EWjHKUzEn2OZpUbfoXNQV8tbdC5SI=
github.com/tinywasm/fmt v0.25.3 h1:CkyjeKvSFM8BxRWleb4gaPak8Fe+VKPWvnW0UU7KvQE=
github.com/tinywasm/fmt v0.25.3/go.mod h1:L2GCAi6asgytPV6TVvGrRq5Ml+DkUt1Ijo5i/2J1jOY=
github.com/tinywasm/form v0.2.13 h1:jAPwd233TNYSWPWGgtiaN/duw9QCe5gBTBcMVafVvNc=
github.com/tinywasm/form v0.2.13/go.mod h1:3Uof33S9z2PecOzf18t7yRm89FfRd3d+giTG1K2gU6Q=
github.com/tinywasm/json v0.5.11 h1:hG8RYmwtbxs4pC/i3EgQgsWe2C42LhUSA3i+YzPt818=
github.com/tinywasm/json v0.5.11/go.mod h1:6UeL7bWypYLIWsF12pOOwpYJci8YmW02+d85dShStL8=
github.com/tinywasm/jwt v0.0.3 h1:1MkXCZyrwl6JUdCPaaKCk6BQMhEjrg30A1vJRUb3Nag=
github.com/tinywasm/jwt v0.0.3/go.mod h1:3CO96nVuT6CC72Zq41gAswSWoNI/FaJmi/Ug/gpJwf0=
github.com/tinywasm/mcp v0.1.21 h1:qGjyFXOHinZj4tza7aYR7qBLR8WgEDleC3vY7yG0vL0=
github.com/tinywasm/mcp v0.1.21/go.mod h1:stfMH8gkZRlzm2nxQataz+lPMLTh+ao1K9rb3X3y2H8=
github.com/tinywasm/model v0.0.12 h1:oKcZZ3VTzpffoAkeduz1QvQEY+cMQbLlhmzW3HvnEms=
github.com/tinywasm/model v0.0.12/go.mod h1:wkYZLW6CWVrlx5TiLEBL71KgDxhjUcFtY3KXZKpkCXA=
github.com/tinywasm/orm v0.9.27 h1:IJVh7BzbqabSUmHC/VbLHscdSA6I23DsTTygwYIg2DY=
github.com/tinywasm/orm v0.9.27/go.mod h1:oyZEPhmfemnkn8dVkL8iAhTpy/2z7q//lObU1+qTc0s=
github.com/tinywasm/router v0.1.10 h1:L+2q4p7kEcHX7RiWFYXcP0N3xKQ49JOcPGxIJomDCHE=
github.com/tinywasm/router v0.1.10/go.mod h1:08QOKyfvojKOWqNDZN+HLeGB6aDB9Zkwq65YaMwx/QM=
github.com/tinywasm/time v0.5.0 h1:M17DNgKrMYfkCK42V6miL9AcwfN/FHghbKOSTXJrkMo=
github.com/tinywasm/time v0.5.0/go.mod h1:vxGAkKA40im4ObiTS6hcsJYiIsVVLSz/A63JC/+TwvA=
github.com/tinywasm/unixid v0.2.23 h1:Lp/TER0RwbaT7EcHbQNzXj9LOGA2VD8rC8XLYmxJBc0=
github.com/tinywasm/unixid v0.2.23/go.mod h1:5KPbI26CrW8S7rgMS46gqlLKTYPno3QH49GSB5NSLMU=
golang.org/x/crypto v0.48.0 h1:/VRzVqiRSggnhY7gNRxPauEQ5Drw9haKdM0jqfcCFts=
golang.org/x/crypto v0.48.0/go.mod h1:r0kV5h3qnFPlQnBSrULhlsRfryS2pmewsg+XfMgkVos=
